// !$*UTF8*$!
{
	archiveVersion = 1;
	classes = {
	};
	objectVersion = 56;
	objects = {

/* Begin PBXBuildFile section */
		1A3645362B50737B00A4F852 /* ReversibleCauses.jpg in Resources */ = {isa = PBXBuildFile; fileRef = 1A3645352B50737B00A4F852 /* ReversibleCauses.jpg */; };
		1A81634F2B4D95BF0043AAD7 /* AppDelegate.swift in Sources */ = {isa = PBXBuildFile; fileRef = 1A81634E2B4D95BF0043AAD7 /* AppDelegate.swift */; };
		1A8163512B4D95BF0043AAD7 /* SceneDelegate.swift in Sources */ = {isa = PBXBuildFile; fileRef = 1A8163502B4D95BF0043AAD7 /* SceneDelegate.swift */; };
		1A8163532B4D95BF0043AAD7 /* ViewController.swift in Sources */ = {isa = PBXBuildFile; fileRef = 1A8163522B4D95BF0043AAD7 /* ViewController.swift */; };
		1A8163562B4D95BF0043AAD7 /* Main.storyboard in Resources */ = {isa = PBXBuildFile; fileRef = 1A8163542B4D95BF0043AAD7 /* Main.storyboard */; };
		1A8163582B4D95C20043AAD7 /* Assets.xcassets in Resources */ = {isa = PBXBuildFile; fileRef = 1A8163572B4D95C20043AAD7 /* Assets.xcassets */; };
		1A81635B2B4D95C20043AAD7 /* LaunchScreen.storyboard in Resources */ = {isa = PBXBuildFile; fileRef = 1A8163592B4D95C20043AAD7 /* LaunchScreen.storyboard */; };
		1A8163652B4D9DC60043AAD7 /* CardiacArrest.jpg in Resources */ = {isa = PBXBuildFile; fileRef = 1A8163642B4D9DC60043AAD7 /* CardiacArrest.jpg */; };
		1A99D03D2B4F84D900D81839 /* CodeLogsController.swift in Sources */ = {isa = PBXBuildFile; fileRef = 1A99D03C2B4F84D900D81839 /* CodeLogsController.swift */; };
		1A99D0402B4F879100D81839 /* CodeLogsCell.swift in Sources */ = {isa = PBXBuildFile; fileRef = 1A99D03E2B4F879100D81839 /* CodeLogsCell.swift */; };
		1A99D0412B4F879100D81839 /* CodeLogsCell.xib in Resources */ = {isa = PBXBuildFile; fileRef = 1A99D03F2B4F879100D81839 /* CodeLogsCell.xib */; };
		1AAD839C2B4F533000C7EBE2 /* SoundBrain.swift in Sources */ = {isa = PBXBuildFile; fileRef = 1AAD839B2B4F533000C7EBE2 /* SoundBrain.swift */; };
		1AAD839E2B4F544800C7EBE2 /* Silence.mp3 in Resources */ = {isa = PBXBuildFile; fileRef = 1AAD839D2B4F544800C7EBE2 /* Silence.mp3 */; };
		1AAD83A02B4F5E9400C7EBE2 /* OneDing.mp3 in Resources */ = {isa = PBXBuildFile; fileRef = 1AAD839F2B4F5E9400C7EBE2 /* OneDing.mp3 */; };
		1AAD83A22B4F5E9900C7EBE2 /* TwoDings.mp3 in Resources */ = {isa = PBXBuildFile; fileRef = 1AAD83A12B4F5E9900C7EBE2 /* TwoDings.mp3 */; };
		1AAD83A42B4F5E9D00C7EBE2 /* ThreeDings.mp3 in Resources */ = {isa = PBXBuildFile; fileRef = 1AAD83A32B4F5E9D00C7EBE2 /* ThreeDings.mp3 */; };
		1AF46BB52B4E70AD00F3EBF3 /* WarningSound.mp3 in Resources */ = {isa = PBXBuildFile; fileRef = 1AF46BB42B4E70AD00F3EBF3 /* WarningSound.mp3 */; };
/* End PBXBuildFile section */

/* Begin PBXFileReference section */
		1A3645352B50737B00A4F852 /* ReversibleCauses.jpg */ = {isa = PBXFileReference; lastKnownFileType = image.jpeg; path = ReversibleCauses.jpg; sourceTree = "<group>"; };
		1A81634B2B4D95BF0043AAD7 /* CardiacArrest.app */ = {isa = PBXFileReference; explicitFileType = wrapper.application; includeInIndex = 0; path = CardiacArrest.app; sourceTree = BUILT_PRODUCTS_DIR; };
		1A81634E2B4D95BF0043AAD7 /* AppDelegate.swift */ = {isa = PBXFileReference; lastKnownFileType = sourcecode.swift; path = AppDelegate.swift; sourceTree = "<group>"; };
		1A8163502B4D95BF0043AAD7 /* SceneDelegate.swift */ = {isa = PBXFileReference; lastKnownFileType = sourcecode.swift; path = SceneDelegate.swift; sourceTree = "<group>"; };
		1A8163522B4D95BF0043AAD7 /* ViewController.swift */ = {isa = PBXFileReference; lastKnownFileType = sourcecode.swift; path = ViewController.swift; sourceTree = "<group>"; };
		1A8163552B4D95BF0043AAD7 /* Base */ = {isa = PBXFileReference; lastKnownFileType = file.storyboard; name = Base; path = Base.lproj/Main.storyboard; sourceTree = "<group>"; };
		1A8163572B4D95C20043AAD7 /* Assets.xcassets */ = {isa = PBXFileReference; lastKnownFileType = folder.assetcatalog; path = Assets.xcassets; sourceTree = "<group>"; };
		1A81635A2B4D95C20043AAD7 /* Base */ = {isa = PBXFileReference; lastKnownFileType = file.storyboard; name = Base; path = Base.lproj/LaunchScreen.storyboard; sourceTree = "<group>"; };
		1A81635C2B4D95C20043AAD7 /* Info.plist */ = {isa = PBXFileReference; lastKnownFileType = text.plist.xml; path = Info.plist; sourceTree = "<group>"; };
		1A8163642B4D9DC60043AAD7 /* CardiacArrest.jpg */ = {isa = PBXFileReference; lastKnownFileType = image.jpeg; path = CardiacArrest.jpg; sourceTree = "<group>"; };
		1A99D03C2B4F84D900D81839 /* CodeLogsController.swift */ = {isa = PBXFileReference; lastKnownFileType = sourcecode.swift; path = CodeLogsController.swift; sourceTree = "<group>"; };
		1A99D03E2B4F879100D81839 /* CodeLogsCell.swift */ = {isa = PBXFileReference; lastKnownFileType = sourcecode.swift; path = CodeLogsCell.swift; sourceTree = "<group>"; };
		1A99D03F2B4F879100D81839 /* CodeLogsCell.xib */ = {isa = PBXFileReference; lastKnownFileType = file.xib; path = CodeLogsCell.xib; sourceTree = "<group>"; };
		1AAD839B2B4F533000C7EBE2 /* SoundBrain.swift */ = {isa = PBXFileReference; lastKnownFileType = sourcecode.swift; path = SoundBrain.swift; sourceTree = "<group>"; };
		1AAD839D2B4F544800C7EBE2 /* Silence.mp3 */ = {isa = PBXFileReference; lastKnownFileType = audio.mp3; path = Silence.mp3; sourceTree = "<group>"; };
		1AAD839F2B4F5E9400C7EBE2 /* OneDing.mp3 */ = {isa = PBXFileReference; lastKnownFileType = audio.mp3; path = OneDing.mp3; sourceTree = "<group>"; };
		1AAD83A12B4F5E9900C7EBE2 /* TwoDings.mp3 */ = {isa = PBXFileReference; lastKnownFileType = audio.mp3; path = TwoDings.mp3; sourceTree = "<group>"; };
		1AAD83A32B4F5E9D00C7EBE2 /* ThreeDings.mp3 */ = {isa = PBXFileReference; lastKnownFileType = audio.mp3; path = ThreeDings.mp3; sourceTree = "<group>"; };
		1AF46BB42B4E70AD00F3EBF3 /* WarningSound.mp3 */ = {isa = PBXFileReference; lastKnownFileType = audio.mp3; path = WarningSound.mp3; sourceTree = "<group>"; };
/* End PBXFileReference section */

/* Begin PBXFrameworksBuildPhase section */
		1A8163482B4D95BF0043AAD7 /* Frameworks */ = {
			isa = PBXFrameworksBuildPhase;
			buildActionMask = 2147483647;
			files = (
			);
			runOnlyForDeploymentPostprocessing = 0;
		};
/* End PBXFrameworksBuildPhase section */

/* Begin PBXGroup section */
		1A8163422B4D95BF0043AAD7 = {
			isa = PBXGroup;
			children = (
				1A81634D2B4D95BF0043AAD7 /* CardiacArrest */,
				1A81634C2B4D95BF0043AAD7 /* Products */,
			);
			sourceTree = "<group>";
		};
		1A81634C2B4D95BF0043AAD7 /* Products */ = {
			isa = PBXGroup;
			children = (
				1A81634B2B4D95BF0043AAD7 /* CardiacArrest.app */,
			);
			name = Products;
			sourceTree = "<group>";
		};
		1A81634D2B4D95BF0043AAD7 /* CardiacArrest */ = {
			isa = PBXGroup;
			children = (
				1AAD839B2B4F533000C7EBE2 /* SoundBrain.swift */,
				1A81634E2B4D95BF0043AAD7 /* AppDelegate.swift */,
				1A8163502B4D95BF0043AAD7 /* SceneDelegate.swift */,
				1A99D03E2B4F879100D81839 /* CodeLogsCell.swift */,
				1A99D03F2B4F879100D81839 /* CodeLogsCell.xib */,
				1A99D03C2B4F84D900D81839 /* CodeLogsController.swift */,
				1A8163522B4D95BF0043AAD7 /* ViewController.swift */,
				1A8163542B4D95BF0043AAD7 /* Main.storyboard */,
				1A8163572B4D95C20043AAD7 /* Assets.xcassets */,
				1A8163642B4D9DC60043AAD7 /* CardiacArrest.jpg */,
				1A3645352B50737B00A4F852 /* ReversibleCauses.jpg */,
				1AAD839D2B4F544800C7EBE2 /* Silence.mp3 */,
				1AF46BB42B4E70AD00F3EBF3 /* WarningSound.mp3 */,
				1AAD839F2B4F5E9400C7EBE2 /* OneDing.mp3 */,
				1AAD83A12B4F5E9900C7EBE2 /* TwoDings.mp3 */,
				1AAD83A32B4F5E9D00C7EBE2 /* ThreeDings.mp3 */,
				1A8163592B4D95C20043AAD7 /* LaunchScreen.storyboard */,
				1A81635C2B4D95C20043AAD7 /* Info.plist */,
			);
			path = CardiacArrest;
			sourceTree = "<group>";
		};
/* End PBXGroup section */

/* Begin PBXNativeTarget section */
		1A81634A2B4D95BF0043AAD7 /* CardiacArrest */ = {
			isa = PBXNativeTarget;
			buildConfigurationList = 1A81635F2B4D95C20043AAD7 /* Build configuration list for PBXNativeTarget "CardiacArrest" */;
			buildPhases = (
				1A8163472B4D95BF0043AAD7 /* Sources */,
				1A8163482B4D95BF0043AAD7 /* Frameworks */,
				1A8163492B4D95BF0043AAD7 /* Resources */,
			);
			buildRules = (
			);
			dependencies = (
			);
			name = CardiacArrest;
			productName = CardiacArrest;
			productReference = 1A81634B2B4D95BF0043AAD7 /* CardiacArrest.app */;
			productType = "com.apple.product-type.application";
		};
/* End PBXNativeTarget section */

/* Begin PBXProject section */
		1A8163432B4D95BF0043AAD7 /* Project object */ = {
			isa = PBXProject;
			attributes = {
				BuildIndependentTargetsInParallel = 1;
				LastSwiftUpdateCheck = 1510;
				LastUpgradeCheck = 1510;
				TargetAttributes = {
					1A81634A2B4D95BF0043AAD7 = {
						CreatedOnToolsVersion = 15.1;
					};
				};
			};
			buildConfigurationList = 1A8163462B4D95BF0043AAD7 /* Build configuration list for PBXProject "CardiacArrest" */;
			compatibilityVersion = "Xcode 14.0";
			developmentRegion = en;
			hasScannedForEncodings = 0;
			knownRegions = (
				en,
				Base,
			);
			mainGroup = 1A8163422B4D95BF0043AAD7;
			productRefGroup = 1A81634C2B4D95BF0043AAD7 /* Products */;
			projectDirPath = "";
			projectRoot = "";
			targets = (
				1A81634A2B4D95BF0043AAD7 /* CardiacArrest */,
			);
		};
/* End PBXProject section */

/* Begin PBXResourcesBuildPhase section */
		1A8163492B4D95BF0043AAD7 /* Resources */ = {
			isa = PBXResourcesBuildPhase;
			buildActionMask = 2147483647;
			files = (
				1A8163652B4D9DC60043AAD7 /* CardiacArrest.jpg in Resources */,
				1A3645362B50737B00A4F852 /* ReversibleCauses.jpg in Resources */,
				1A81635B2B4D95C20043AAD7 /* LaunchScreen.storyboard in Resources */,
				1A99D0412B4F879100D81839 /* CodeLogsCell.xib in Resources */,
				1AAD83A42B4F5E9D00C7EBE2 /* ThreeDings.mp3 in Resources */,
				1AF46BB52B4E70AD00F3EBF3 /* WarningSound.mp3 in Resources */,
				1AAD83A22B4F5E9900C7EBE2 /* TwoDings.mp3 in Resources */,
				1AAD839E2B4F544800C7EBE2 /* Silence.mp3 in Resources */,
				1AAD83A02B4F5E9400C7EBE2 /* OneDing.mp3 in Resources */,
				1A8163582B4D95C20043AAD7 /* Assets.xcassets in Resources */,
				1A8163562B4D95BF0043AAD7 /* Main.storyboard in Resources */,
			);
			runOnlyForDeploymentPostprocessing = 0;
		};
/* End PBXResourcesBuildPhase section */

/* Begin PBXSourcesBuildPhase section */
		1A8163472B4D95BF0043AAD7 /* Sources */ = {
			isa = PBXSourcesBuildPhase;
			buildActionMask = 2147483647;
			files = (
				1AAD839C2B4F533000C7EBE2 /* SoundBrain.swift in Sources */,
				1A8163532B4D95BF0043AAD7 /* ViewController.swift in Sources */,
				1A81634F2B4D95BF0043AAD7 /* AppDelegate.swift in Sources */,
				1A99D0402B4F879100D81839 /* CodeLogsCell.swift in Sources */,
				1A99D03D2B4F84D900D81839 /* CodeLogsController.swift in Sources */,
				1A8163512B4D95BF0043AAD7 /* SceneDelegate.swift in Sources */,
			);
			runOnlyForDeploymentPostprocessing = 0;
		};
/* End PBXSourcesBuildPhase section */

/* Begin PBXVariantGroup section */
		1A8163542B4D95BF0043AAD7 /* Main.storyboard */ = {
			isa = PBXVariantGroup;
			children = (
				1A8163552B4D95BF0043AAD7 /* Base */,
			);
			name = Main.storyboard;
			sourceTree = "<group>";
		};
		1A8163592B4D95C20043AAD7 /* LaunchScreen.storyboard */ = {
			isa = PBXVariantGroup;
			children = (
				1A81635A2B4D95C20043AAD7 /* Base */,
			);
			name = LaunchScreen.storyboard;
			sourceTree = "<group>";
		};
/* End PBXVariantGroup section */

/* Begin XCBuildConfiguration section */
		1A81635D2B4D95C20043AAD7 /* Debug */ = {
			isa = XCBuildConfiguration;
			buildSettings = {
				ALWAYS_SEARCH_USER_PATHS = NO;
				ASSETCATALOG_COMPILER_GENERATE_SWIFT_ASSET_SYMBOL_EXTENSIONS = YES;
				CLANG_ANALYZER_NONNULL = YES;
				CLANG_ANALYZER_NUMBER_OBJECT_CONVERSION = YES_AGGRESSIVE;
				CLANG_CXX_LANGUAGE_STANDARD = "gnu++20";
				CLANG_ENABLE_MODULES = YES;
				CLANG_ENABLE_OBJC_ARC = YES;
				CLANG_ENABLE_OBJC_WEAK = YES;
				CLANG_WARN_BLOCK_CAPTURE_AUTORELEASING = YES;
				CLANG_WARN_BOOL_CONVERSION = YES;
				CLANG_WARN_COMMA = YES;
				CLANG_WARN_CONSTANT_CONVERSION = YES;
				CLANG_WARN_DEPRECATED_OBJC_IMPLEMENTATIONS = YES;
				CLANG_WARN_DIRECT_OBJC_ISA_USAGE = YES_ERROR;
				CLANG_WARN_DOCUMENTATION_COMMENTS = YES;
				CLANG_WARN_EMPTY_BODY = YES;
				CLANG_WARN_ENUM_CONVERSION = YES;
				CLANG_WARN_INFINITE_RECURSION = YES;
				CLANG_WARN_INT_CONVERSION = YES;
				CLANG_WARN_NON_LITERAL_NULL_CONVERSION = YES;
				CLANG_WARN_OBJC_IMPLICIT_RETAIN_SELF = YES;
				CLANG_WARN_OBJC_LITERAL_CONVERSION = YES;
				CLANG_WARN_OBJC_ROOT_CLASS = YES_ERROR;
				CLANG_WARN_QUOTED_INCLUDE_IN_FRAMEWORK_HEADER = YES;
				CLANG_WARN_RANGE_LOOP_ANALYSIS = YES;
				CLANG_WARN_STRICT_PROTOTYPES = YES;
				CLANG_WARN_SUSPICIOUS_MOVE = YES;
				CLANG_WARN_UNGUARDED_AVAILABILITY = YES_AGGRESSIVE;
				CLANG_WARN_UNREACHABLE_CODE = YES;
				CLANG_WARN__DUPLICATE_METHOD_MATCH = YES;
				COPY_PHASE_STRIP = NO;
				DEBUG_INFORMATION_FORMAT = dwarf;
				ENABLE_STRICT_OBJC_MSGSEND = YES;
				ENABLE_TESTABILITY = YES;
				ENABLE_USER_SCRIPT_SANDBOXING = YES;
				GCC_C_LANGUAGE_STANDARD = gnu17;
				GCC_DYNAMIC_NO_PIC = NO;
				GCC_NO_COMMON_BLOCKS = YES;
				GCC_OPTIMIZATION_LEVEL = 0;
				GCC_PREPROCESSOR_DEFINITIONS = (
					"DEBUG=1",
					"$(inherited)",
				);
				GCC_WARN_64_TO_32_BIT_CONVERSION = YES;
				GCC_WARN_ABOUT_RETURN_TYPE = YES_ERROR;
				GCC_WARN_UNDECLARED_SELECTOR = YES;
				GCC_WARN_UNINITIALIZED_AUTOS = YES_AGGRESSIVE;
				GCC_WARN_UNUSED_FUNCTION = YES;
				GCC_WARN_UNUSED_VARIABLE = YES;
				IPHONEOS_DEPLOYMENT_TARGET = 17.2;
				LOCALIZATION_PREFERS_STRING_CATALOGS = YES;
				MTL_ENABLE_DEBUG_INFO = INCLUDE_SOURCE;
				MTL_FAST_MATH = YES;
				ONLY_ACTIVE_ARCH = YES;
				SDKROOT = iphoneos;
				SWIFT_ACTIVE_COMPILATION_CONDITIONS = "DEBUG $(inherited)";
				SWIFT_OPTIMIZATION_LEVEL = "-Onone";
			};
			name = Debug;
		};
		1A81635E2B4D95C20043AAD7 /* Release */ = {
			isa = XCBuildConfiguration;
			buildSettings = {
				ALWAYS_SEARCH_USER_PATHS = NO;
				ASSETCATALOG_COMPILER_GENERATE_SWIFT_ASSET_SYMBOL_EXTENSIONS = YES;
				CLANG_ANALYZER_NONNULL = YES;
				CLANG_ANALYZER_NUMBER_OBJECT_CONVERSION = YES_AGGRESSIVE;
				CLANG_CXX_LANGUAGE_STANDARD = "gnu++20";
				CLANG_ENABLE_MODULES = YES;
				CLANG_ENABLE_OBJC_ARC = YES;
				CLANG_ENABLE_OBJC_WEAK = YES;
				CLANG_WARN_BLOCK_CAPTURE_AUTORELEASING = YES;
				CLANG_WARN_BOOL_CONVERSION = YES;
				CLANG_WARN_COMMA = YES;
				CLANG_WARN_CONSTANT_CONVERSION = YES;
				CLANG_WARN_DEPRECATED_OBJC_IMPLEMENTATIONS = YES;
				CLANG_WARN_DIRECT_OBJC_ISA_USAGE = YES_ERROR;
				CLANG_WARN_DOCUMENTATION_COMMENTS = YES;
				CLANG_WARN_EMPTY_BODY = YES;
				CLANG_WARN_ENUM_CONVERSION = YES;
				CLANG_WARN_INFINITE_RECURSION = YES;
				CLANG_WARN_INT_CONVERSION = YES;
				CLANG_WARN_NON_LITERAL_NULL_CONVERSION = YES;
				CLANG_WARN_OBJC_IMPLICIT_RETAIN_SELF = YES;
				CLANG_WARN_OBJC_LITERAL_CONVERSION = YES;
				CLANG_WARN_OBJC_ROOT_CLASS = YES_ERROR;
				CLANG_WARN_QUOTED_INCLUDE_IN_FRAMEWORK_HEADER = YES;
				CLANG_WARN_RANGE_LOOP_ANALYSIS = YES;
				CLANG_WARN_STRICT_PROTOTYPES = YES;
				CLANG_WARN_SUSPICIOUS_MOVE = YES;
				CLANG_WARN_UNGUARDED_AVAILABILITY = YES_AGGRESSIVE;
				CLANG_WARN_UNREACHABLE_CODE = YES;
				CLANG_WARN__DUPLICATE_METHOD_MATCH = YES;
				COPY_PHASE_STRIP = NO;
				DEBUG_INFORMATION_FORMAT = "dwarf-with-dsym";
				ENABLE_NS_ASSERTIONS = NO;
				ENABLE_STRICT_OBJC_MSGSEND = YES;
				ENABLE_USER_SCRIPT_SANDBOXING = YES;
				GCC_C_LANGUAGE_STANDARD = gnu17;
				GCC_NO_COMMON_BLOCKS = YES;
				GCC_WARN_64_TO_32_BIT_CONVERSION = YES;
				GCC_WARN_ABOUT_RETURN_TYPE = YES_ERROR;
				GCC_WARN_UNDECLARED_SELECTOR = YES;
				GCC_WARN_UNINITIALIZED_AUTOS = YES_AGGRESSIVE;
				GCC_WARN_UNUSED_FUNCTION = YES;
				GCC_WARN_UNUSED_VARIABLE = YES;
				IPHONEOS_DEPLOYMENT_TARGET = 17.2;
				LOCALIZATION_PREFERS_STRING_CATALOGS = YES;
				MTL_ENABLE_DEBUG_INFO = NO;
				MTL_FAST_MATH = YES;
				SDKROOT = iphoneos;
				SWIFT_COMPILATION_MODE = wholemodule;
				VALIDATE_PRODUCT = YES;
			};
			name = Release;
		};
		1A8163602B4D95C20043AAD7 /* Debug */ = {
			isa = XCBuildConfiguration;
			buildSettings = {
				ASSETCATALOG_COMPILER_APPICON_NAME = AppIcon;
				ASSETCATALOG_COMPILER_GLOBAL_ACCENT_COLOR_NAME = AccentColor;
				CODE_SIGN_STYLE = Automatic;
				CURRENT_PROJECT_VERSION = 3;
				DEVELOPMENT_TEAM = 79ULTTQ5QF;
				GENERATE_INFOPLIST_FILE = YES;
				INFOPLIST_FILE = CardiacArrest/Info.plist;
				INFOPLIST_KEY_UIApplicationSupportsIndirectInputEvents = YES;
				INFOPLIST_KEY_UILaunchStoryboardName = LaunchScreen;
				INFOPLIST_KEY_UIMainStoryboardFile = Main;
				INFOPLIST_KEY_UIRequiresFullScreen = YES;
				INFOPLIST_KEY_UISupportedInterfaceOrientations = UIInterfaceOrientationPortrait;
				IPHONEOS_DEPLOYMENT_TARGET = 16.0;
				LD_RUNPATH_SEARCH_PATHS = (
					"$(inherited)",
					"@executable_path/Frameworks",
				);
				MARKETING_VERSION = 1.6;
				PRODUCT_BUNDLE_IDENTIFIER = com.jamesyu.CardiacArrest;
				PRODUCT_NAME = "$(TARGET_NAME)";
				SUPPORTED_PLATFORMS = "iphoneos iphonesimulator";
				SUPPORTS_MACCATALYST = NO;
				SUPPORTS_MAC_DESIGNED_FOR_IPHONE_IPAD = NO;
				SUPPORTS_XR_DESIGNED_FOR_IPHONE_IPAD = NO;
				SWIFT_EMIT_LOC_STRINGS = YES;
				SWIFT_VERSION = 5.0;
				TARGETED_DEVICE_FAMILY = 1;
			};
			name = Debug;
		};
		1A8163612B4D95C20043AAD7 /* Release */ = {
			isa = XCBuildConfiguration;
			buildSettings = {
				ASSETCATALOG_COMPILER_APPICON_NAME = AppIcon;
				ASSETCATALOG_COMPILER_GLOBAL_ACCENT_COLOR_NAME = AccentColor;
				CODE_SIGN_STYLE = Automatic;
				CURRENT_PROJECT_VERSION = 3;
				DEVELOPMENT_TEAM = 79ULTTQ5QF;
				GENERATE_INFOPLIST_FILE = YES;
				INFOPLIST_FILE = CardiacArrest/Info.plist;
				INFOPLIST_KEY_UIApplicationSupportsIndirectInputEvents = YES;
				INFOPLIST_KEY_UILaunchStoryboardName = LaunchScreen;
				INFOPLIST_KEY_UIMainStoryboardFile = Main;
				INFOPLIST_KEY_UIRequiresFullScreen = YES;
				INFOPLIST_KEY_UISupportedInterfaceOrientations = UIInterfaceOrientationPortrait;
				IPHONEOS_DEPLOYMENT_TARGET = 16.0;
				LD_RUNPATH_SEARCH_PATHS = (
					"$(inherited)",
					"@executable_path/Frameworks",
				);
				MARKETING_VERSION = 1.6;
				PRODUCT_BUNDLE_IDENTIFIER = com.jamesyu.CardiacArrest;
				PRODUCT_NAME = "$(TARGET_NAME)";
				SUPPORTED_PLATFORMS = "iphoneos iphonesimulator";
				SUPPORTS_MACCATALYST = NO;
				SUPPORTS_MAC_DESIGNED_FOR_IPHONE_IPAD = NO;
				SUPPORTS_XR_DESIGNED_FOR_IPHONE_IPAD = NO;
				SWIFT_EMIT_LOC_STRINGS = YES;
				SWIFT_VERSION = 5.0;
				TARGETED_DEVICE_FAMILY = 1;
			};
			name = Release;
		};
/* End XCBuildConfiguration section */

/* Begin XCConfigurationList section */
		1A8163462B4D95BF0043AAD7 /* Build configuration list for PBXProject "CardiacArrest" */ = {
			isa = XCConfigurationList;
			buildConfigurations = (
				1A81635D2B4D95C20043AAD7 /* Debug */,
				1A81635E2B4D95C20043AAD7 /* Release */,
			);
			defaultConfigurationIsVisible = 0;
			defaultConfigurationName = Release;
		};
		1A81635F2B4D95C20043AAD7 /* Build configuration list for PBXNativeTarget "CardiacArrest" */ = {
			isa = XCConfigurationList;
			buildConfigurations = (
				1A8163602B4D95C20043AAD7 /* Debug */,
				1A8163612B4D95C20043AAD7 /* Release */,
			);
			defaultConfigurationIsVisible = 0;
			defaultConfigurationName = Release;
		};
/* End XCConfigurationList section */
	};
	rootObject = 1A8163432B4D95BF0043AAD7 /* Project object */;
}
